
Microsoft Visual Studio Solution File, Format Version 12.00
# Visual Studio 14
VisualStudioVersion = 14.0.25420.1
MinimumVisualStudioVersion = 10.0.40219.1
Project("{FAE04EC0-301F-11D3-BF4B-00C04F79EFBC}") = "TestAppForSOLIDAndDesignPatterns.Web", "TestAppForSOLIDAndDesignPatterns\TestAppForSOLIDAndDesignPatterns.Web.csproj", "{3AB81A7D-DBEC-4132-A626-3CE2AE406DDC}"
EndProject
Project("{FAE04EC0-301F-11D3-BF4B-00C04F79EFBC}") = "TestAppForSOLIDAndDesignPatterns.Core", "TestAppForSOLIDAndDesignPatterns.Core\TestAppForSOLIDAndDesignPatterns.Core.csproj", "{DEE9FBA2-C319-494C-BAAC-8DA3D8E1D6A2}"
EndProject
Global
	GlobalSection(SolutionConfigurationPlatforms) = preSolution
		Debug|Any CPU = Debug|Any CPU
		Release|Any CPU = Release|Any CPU
	EndGlobalSection
	GlobalSection(ProjectConfigurationPlatforms) = postSolution
		{3AB81A7D-DBEC-4132-A626-3CE2AE406DDC}.Debug|Any CPU.ActiveCfg = Debug|Any CPU
		{3AB81A7D-DBEC-4132-A626-3CE2AE406DDC}.Debug|Any CPU.Build.0 = Debug|Any CPU
		{3AB81A7D-DBEC-4132-A626-3CE2AE406DDC}.Release|Any CPU.ActiveCfg = Release|Any CPU
		{3AB81A7D-DBEC-4132-A626-3CE2AE406DDC}.Release|Any CPU.Build.0 = Release|Any CPU
		{DEE9FBA2-C319-494C-BAAC-8DA3D8E1D6A2}.Debug|Any CPU.ActiveCfg = Debug|Any CPU
		{DEE9FBA2-C319-494C-BAAC-8DA3D8E1D6A2}.Debug|Any CPU.Build.0 = Debug|Any CPU
		{DEE9FBA2-C319-494C-BAAC-8DA3D8E1D6A2}.Release|Any CPU.ActiveCfg = Release|Any CPU
		{DEE9FBA2-C319-494C-BAAC-8DA3D8E1D6A2}.Release|Any CPU.Build.0 = Release|Any CPU
	EndGlobalSection
	GlobalSection(SolutionProperties) = preSolution
		HideSolutionNode = FALSE
	EndGlobalSection
EndGlobal
